# This file was autogenerated by uv via the following command:
#    uv pip compile requirements-web.in -o requirements-web.lock
-e ./packages/markitdown
    # via
    #   -r requirements-web.in
    #   markitdown-web
-e ./packages/markitdown-web
    # via -r requirements-web.in
annotated-doc==0.0.5
    # via fastapi
annotated-types==0.8.0
    # via pydantic
anyio==4.15.1
    # via
    #   httpx
    #   starlette
beautifulsoup4==4.15.0
    # via
    #   markdownify
    #   markitdown
black==23.7.0
    # via markitdown-web
bleach==6.4.0
    # via markitdown-web
certifi==2026.7.22
    # via
    #   httpcore
    #   httpx
    #   requests
cffi==2.1.1
    # via cryptography
charset-normalizer==3.5.2
    # via
    #   markitdown
    #   pdfminer-six
    #   requests
click==8.5.0
    # via
    #   black
    #   magika
    #   uvicorn
cobble==0.1.4
    # via mammoth
cryptography==50.0.2
    # via pdfminer-six
defusedxml==0.7.1
    # via markitdown
et-xmlfile==2.0.0
    # via openpyxl
fastapi==0.142.2
    # via markitdown-web
flatbuffers==25.12.19
    # via onnxruntime
h11==0.16.0
    # via
    #   httpcore
    #   uvicorn
httpcore==1.0.9
    # via httpx
httpx==0.28.1
    # via markitdown-web
idna==3.20
    # via
    #   anyio
    #   httpx
    #   requests
iniconfig==2.3.0
    # via pytest
librt==0.16.0
    # via mypy
lxml==6.1.3
    # via markitdown
magika==0.6.3
    # via markitdown
mammoth==1.11.0
    # via markitdown
markdown-it-py==4.2.0
    # via markitdown-web
markdownify==1.2.3
    # via markitdown
mdurl==0.1.2
    # via markdown-it-py
mypy==1.20.2
    # via markitdown-web
mypy-extensions==1.1.0
    # via
    #   black
    #   mypy
numpy==2.5.3
    # via
    #   magika
    #   onnxruntime
    #   pandas
onnxruntime==1.30.0
    # via magika
openpyxl==3.1.5
    # via markitdown
opentelemetry-api==1.45.0
    # via fastapi
packaging==26.3
    # via
    #   black
    #   onnxruntime
    #   pytest
pandas==3.0.6
    # via markitdown
pathspec==1.1.1
    # via
    #   black
    #   mypy
pdfminer-six==20260107
    # via
    #   markitdown
    #   pdfplumber
pdfplumber==0.11.10
    # via markitdown
pillow==12.3.0
    # via pdfplumber
platformdirs==4.12.3
    # via black
pluggy==1.6.0
    # via pytest
protobuf==7.36.2
    # via onnxruntime
pycparser==3.0
    # via cffi
pydantic==2.13.5
    # via fastapi
pydantic-core==2.46.5
    # via pydantic
pygments==2.21.0
    # via pytest
pypdfium2==5.14.0
    # via pdfplumber
pytest==9.1.1
    # via markitdown-web
python-dateutil==2.9.0.post0
    # via pandas
python-dotenv==1.2.4
    # via magika
python-multipart==0.0.32
    # via markitdown-web
requests==2.34.2
    # via markitdown
ruff==0.16.10
    # via markitdown-web
six==1.17.0
    # via
    #   markdownify
    #   python-dateutil
soupsieve==2.10
    # via beautifulsoup4
starlette==1.7.0
    # via fastapi
types-bleach==6.4.0.20260728
    # via markitdown-web
types-html5lib==1.1.11.20260518
    # via types-bleach
types-webencodings==0.6.0.20260907
    # via types-html5lib
typing-extensions==4.16.0
    # via
    #   anyio
    #   beautifulsoup4
    #   fastapi
    #   mypy
    #   opentelemetry-api
    #   pydantic
    #   pydantic-core
    #   starlette
    #   typing-inspection
typing-inspection==0.4.4
    # via
    #   fastapi
    #   pydantic
urllib3==2.8.0
    # via requests
uvicorn==0.54.0
    # via markitdown-web
webencodings==0.6.1
    # via bleach
xlrd==2.0.2
    # via markitdown-web
